
Microsoft Visual Studio Solution File, Format Version 12.00
# Visual Studio 15
Project("{FAE04EC0-301F-11D3-BF4B-00C04F79EFBC}") = "Oculus.Platform", "Oculus.Platform.csproj", "{F7D93F16-812D-F3BE-067E-82FCEF0A6D34}"
EndProject
Project("{FAE04EC0-301F-11D3-BF4B-00C04F79EFBC}") = "Assembly-CSharp", "Assembly-CSharp.csproj", "{76135659-24F2-5FAC-46D9-D7B31643B1C9}"
EndProject
Project("{FAE04EC0-301F-11D3-BF4B-00C04F79EFBC}") = "Meta.WitAi", "Meta.WitAi.csproj", "{531B69BD-C157-0CB1-ACF2-754F8CF8684F}"
EndProject
Project("{FAE04EC0-301F-11D3-BF4B-00C04F79EFBC}") = "Oculus.Spatializer", "Oculus.Spatializer.csproj", "{DD589EBA-E3FD-091F-4D58-A217745EAA8A}"
EndProject
Project("{FAE04EC0-301F-11D3-BF4B-00C04F79EFBC}") = "Oculus.Interaction", "Oculus.Interaction.csproj", "{0ECE2CC9-06A3-C00F-013B-83C4A556C9C7}"
EndProject
Project("{FAE04EC0-301F-11D3-BF4B-00C04F79EFBC}") = "Meta.WitAi.Lib", "Meta.WitAi.Lib.csproj", "{C75CE121-C737-271A-6771-C9240A946C29}"
EndProject
Project("{FAE04EC0-301F-11D3-BF4B-00C04F79EFBC}") = "Oculus.Interaction.OVR.Samples", "Oculus.Interaction.OVR.Samples.csproj", "{31DA0559-895C-47BC-17FC-B95737BBE0D0}"
EndProject
Project("{FAE04EC0-301F-11D3-BF4B-00C04F79EFBC}") = "Oculus.VR", "Oculus.VR.csproj", "{8588F076-F7EE-B8F3-9FFC-816E7DA251C9}"
EndProject
Project("{FAE04EC0-301F-11D3-BF4B-00C04F79EFBC}") = "Meta.Voice.Samples.LiveUnderstanding", "Meta.Voice.Samples.LiveUnderstanding.csproj", "{7DD271F3-2085-277F-C186-EE74BEB2FF00}"
EndProject
Project("{FAE04EC0-301F-11D3-BF4B-00C04F79EFBC}") = "VoiceSDK.Dictation.Runtime", "VoiceSDK.Dictation.Runtime.csproj", "{EF59A1AC-E0EB-B372-7B96-96BD742D5210}"
EndProject
Project("{FAE04EC0-301F-11D3-BF4B-00C04F79EFBC}") = "Meta.WitAi.TTS", "Meta.WitAi.TTS.csproj", "{5426F620-EF41-60F2-4CEC-F6C1215E6E81}"
EndProject
Project("{FAE04EC0-301F-11D3-BF4B-00C04F79EFBC}") = "Oculus.AudioManager", "Oculus.AudioManager.csproj", "{960CF741-7FA7-6C33-5900-D52198D620A8}"
EndProject
Project("{FAE04EC0-301F-11D3-BF4B-00C04F79EFBC}") = "Meta.Voice.Hub.Runtime", "Meta.Voice.Hub.Runtime.csproj", "{8DFBCD8E-D13F-CA7A-EBA5-BBB62ABBC7B2}"
EndProject
Project("{FAE04EC0-301F-11D3-BF4B-00C04F79EFBC}") = "VoiceSDK.Runtime", "VoiceSDK.Runtime.csproj", "{BC43E526-7551-1FB8-AACA-1A3543458987}"
EndProject
Project("{FAE04EC0-301F-11D3-BF4B-00C04F79EFBC}") = "Facebook.Wit.Dictation", "Facebook.Wit.Dictation.csproj", "{A5ABD1D0-EE4D-1350-DD91-9A2F7DFCEADF}"
EndProject
Project("{FAE04EC0-301F-11D3-BF4B-00C04F79EFBC}") = "Meta.WitAi.TTS.Samples", "Meta.WitAi.TTS.Samples.csproj", "{EF8CC36B-4674-976D-D053-CE3579FC1934}"
EndProject
Project("{FAE04EC0-301F-11D3-BF4B-00C04F79EFBC}") = "Meta.Voice.Samples.Dictation", "Meta.Voice.Samples.Dictation.csproj", "{114292D8-4FC4-D783-0129-F401D422D0BB}"
EndProject
Project("{FAE04EC0-301F-11D3-BF4B-00C04F79EFBC}") = "Oculus.Interaction.OVR", "Oculus.Interaction.OVR.csproj", "{E02B5AF8-AB7B-6C62-136C-81639A57F853}"
EndProject
Project("{FAE04EC0-301F-11D3-BF4B-00C04F79EFBC}") = "AssistantCoreSDKRuntime", "AssistantCoreSDKRuntime.csproj", "{EA2BD6F7-1BA6-7A9C-0DAD-B6773736ED23}"
EndProject
Project("{FAE04EC0-301F-11D3-BF4B-00C04F79EFBC}") = "Meta.WitAi.Conduit", "Meta.WitAi.Conduit.csproj", "{8BBB61C2-4674-AF9A-B5F6-59B5AF698C93}"
EndProject
Project("{FAE04EC0-301F-11D3-BF4B-00C04F79EFBC}") = "Oculus.LipSync", "Oculus.LipSync.csproj", "{D0C9CA03-8F3D-4258-95E3-4964E54208C2}"
EndProject
Project("{FAE04EC0-301F-11D3-BF4B-00C04F79EFBC}") = "Meta.Voice.Samples.Shapes", "Meta.Voice.Samples.Shapes.csproj", "{8AF925D2-95A0-2BB5-20E4-8D5FB9E4C12B}"
EndProject
Project("{FAE04EC0-301F-11D3-BF4B-00C04F79EFBC}") = "Meta.Voice.Samples.TTSVoices", "Meta.Voice.Samples.TTSVoices.csproj", "{A1FB7644-E9E5-6FA9-97B3-4EA9D7E874C6}"
EndProject
Project("{FAE04EC0-301F-11D3-BF4B-00C04F79EFBC}") = "Meta.VoiceSDK.Mic.Other", "Meta.VoiceSDK.Mic.Other.csproj", "{46CFAB8A-5637-7CB6-974B-868DAB6ABD39}"
EndProject
Project("{FAE04EC0-301F-11D3-BF4B-00C04F79EFBC}") = "Meta.VoiceSDK.Mic.Common", "Meta.VoiceSDK.Mic.Common.csproj", "{588D514B-97AD-7AA6-D548-213E6C574183}"
EndProject
Project("{FAE04EC0-301F-11D3-BF4B-00C04F79EFBC}") = "Meta.Voice.Samples.Chess", "Meta.Voice.Samples.Chess.csproj", "{2DE462E7-CEBB-8E57-575D-20C5D6BF0495}"
EndProject
Project("{FAE04EC0-301F-11D3-BF4B-00C04F79EFBC}") = "Meta.Voice.Samples.ShapesConduit", "Meta.Voice.Samples.ShapesConduit.csproj", "{CA23E906-37FC-CF48-A7AE-9D2BA274E756}"
EndProject
Project("{FAE04EC0-301F-11D3-BF4B-00C04F79EFBC}") = "Meta.VoiceSDK.Mic.WebGL", "Meta.VoiceSDK.Mic.WebGL.csproj", "{F574F713-A97B-CAFB-B2A3-C73AAA0644D0}"
EndProject
Project("{FAE04EC0-301F-11D3-BF4B-00C04F79EFBC}") = "Meta.Voice.Samples.BuiltInTimer", "Meta.Voice.Samples.BuiltInTimer.csproj", "{D62C7215-5298-552E-9C7A-FF4ADD0C6200}"
EndProject
Project("{FAE04EC0-301F-11D3-BF4B-00C04F79EFBC}") = "Meta.Voice.Samples.LightTraits", "Meta.Voice.Samples.LightTraits.csproj", "{9A6EAC02-BE47-E95C-A91B-7D71F5019CC6}"
EndProject
Project("{FAE04EC0-301F-11D3-BF4B-00C04F79EFBC}") = "SteamVR", "SteamVR.csproj", "{5179F1A3-64FB-0C30-0A89-20D1FE1C749F}"
EndProject
Project("{FAE04EC0-301F-11D3-BF4B-00C04F79EFBC}") = "PhotonUnityNetworking.Demos", "PhotonUnityNetworking.Demos.csproj", "{A516047E-28A0-49A7-8FC9-9DEE5CFE2B83}"
EndProject
Project("{FAE04EC0-301F-11D3-BF4B-00C04F79EFBC}") = "PhotonUnityNetworking.Utilities", "PhotonUnityNetworking.Utilities.csproj", "{EF019C84-2E50-D476-5C67-014CB8CB2D9C}"
EndProject
Project("{FAE04EC0-301F-11D3-BF4B-00C04F79EFBC}") = "PhotonChat", "PhotonChat.csproj", "{988BD571-ED9E-00FA-8700-EB3BA86C2849}"
EndProject
Project("{FAE04EC0-301F-11D3-BF4B-00C04F79EFBC}") = "PhotonUnityNetworking", "PhotonUnityNetworking.csproj", "{95B053F5-A853-E2C5-4940-0FD923547B41}"
EndProject
Project("{FAE04EC0-301F-11D3-BF4B-00C04F79EFBC}") = "PhotonRealtime", "PhotonRealtime.csproj", "{87762AA2-3736-AD77-014F-4073837E07A4}"
EndProject
Project("{FAE04EC0-301F-11D3-BF4B-00C04F79EFBC}") = "PhotonVoice.API", "PhotonVoice.API.csproj", "{6399BEBC-A227-A01A-172F-CEAEB4792F91}"
EndProject
Project("{FAE04EC0-301F-11D3-BF4B-00C04F79EFBC}") = "PhotonVoice", "PhotonVoice.csproj", "{C5928CDE-071B-100C-849F-BF178EA01174}"
EndProject
Project("{FAE04EC0-301F-11D3-BF4B-00C04F79EFBC}") = "PhotonVoice.PUN", "PhotonVoice.PUN.csproj", "{8EA4F436-799B-C97F-C47B-8100FA03E660}"
EndProject
Project("{FAE04EC0-301F-11D3-BF4B-00C04F79EFBC}") = "Meta.WitAi.Editor", "Meta.WitAi.Editor.csproj", "{4FDED506-DF69-1D5F-75C7-1EC6EFA33651}"
EndProject
Project("{FAE04EC0-301F-11D3-BF4B-00C04F79EFBC}") = "Meta.WitAi.Conduit.Editor", "Meta.WitAi.Conduit.Editor.csproj", "{B34804C1-EB64-F16E-D824-8EACC5395C18}"
EndProject
Project("{FAE04EC0-301F-11D3-BF4B-00C04F79EFBC}") = "Oculus.Interaction.Editor", "Oculus.Interaction.Editor.csproj", "{B0D01B54-F202-018D-3ECC-2C3C11DFCC86}"
EndProject
Project("{FAE04EC0-301F-11D3-BF4B-00C04F79EFBC}") = "Meta.Voice.Hub.Editor", "Meta.Voice.Hub.Editor.csproj", "{B371EE4C-DC8B-F407-0EDD-C720B16DFB7D}"
EndProject
Project("{FAE04EC0-301F-11D3-BF4B-00C04F79EFBC}") = "Meta.WitAI.Lib.Editor", "Meta.WitAI.Lib.Editor.csproj", "{A902A426-0AA5-82BD-E2FC-258F167A39EC}"
EndProject
Project("{FAE04EC0-301F-11D3-BF4B-00C04F79EFBC}") = "Oculus.VR.Editor", "Oculus.VR.Editor.csproj", "{53CBA153-F87E-0D9D-95F6-5CC7A709F697}"
EndProject
Project("{FAE04EC0-301F-11D3-BF4B-00C04F79EFBC}") = "VoiceSDK.Telemetry", "VoiceSDK.Telemetry.csproj", "{00FA1358-FD59-CF1A-6094-D1285FC3EBBB}"
EndProject
Project("{FAE04EC0-301F-11D3-BF4B-00C04F79EFBC}") = "Oculus.Interaction.OVR.Editor", "Oculus.Interaction.OVR.Editor.csproj", "{7C2C3680-3B3F-AE15-73CC-5DD12F6200A5}"
EndProject
Project("{FAE04EC0-301F-11D3-BF4B-00C04F79EFBC}") = "Assembly-CSharp-Editor", "Assembly-CSharp-Editor.csproj", "{3AC83376-A146-2948-007C-F06837F8F5A0}"
EndProject
Project("{FAE04EC0-301F-11D3-BF4B-00C04F79EFBC}") = "Oculus.Interaction.Samples.Editor", "Oculus.Interaction.Samples.Editor.csproj", "{F9599D8E-3F95-604E-A7B7-AA7D062B5B86}"
EndProject
Project("{FAE04EC0-301F-11D3-BF4B-00C04F79EFBC}") = "Oculus.VR.Scripts.Editor", "Oculus.VR.Scripts.Editor.csproj", "{93A9A815-8BDE-3EF9-ACD9-ADDBDA559E6F}"
EndProject
Project("{FAE04EC0-301F-11D3-BF4B-00C04F79EFBC}") = "VoiceSDK.Editor", "VoiceSDK.Editor.csproj", "{3DE06E9F-637B-A846-F0E6-05C8BBBB9E96}"
EndProject
Project("{FAE04EC0-301F-11D3-BF4B-00C04F79EFBC}") = "Oculus.Spatializer.Editor", "Oculus.Spatializer.Editor.csproj", "{44565218-A4DE-1D81-7B81-C11AA32F4621}"
EndProject
Project("{FAE04EC0-301F-11D3-BF4B-00C04F79EFBC}") = "Meta.WitAi.TTS.Editor", "Meta.WitAi.TTS.Editor.csproj", "{76E5A414-4935-2BF1-DB58-6C24B79CA2F0}"
EndProject
Project("{FAE04EC0-301F-11D3-BF4B-00C04F79EFBC}") = "Facebook.Wit.Dictation.Editor", "Facebook.Wit.Dictation.Editor.csproj", "{DFF3E47B-3DDB-730F-60C0-D9F30A33D74B}"
EndProject
Project("{FAE04EC0-301F-11D3-BF4B-00C04F79EFBC}") = "VoiceSDK.Dictation.Editor", "VoiceSDK.Dictation.Editor.csproj", "{641957E9-F56B-176F-2642-69E0BBAA3D0F}"
EndProject
Project("{FAE04EC0-301F-11D3-BF4B-00C04F79EFBC}") = "Oculus.Platform.Editor", "Oculus.Platform.Editor.csproj", "{FCB33D87-2F79-9739-709A-88841CC504C3}"
EndProject
Project("{FAE04EC0-301F-11D3-BF4B-00C04F79EFBC}") = "Oculus.AudioManager.Audio.Editor", "Oculus.AudioManager.Audio.Editor.csproj", "{93A2634B-06EC-44E0-DAEC-C3B28DBE46E2}"
EndProject
Project("{FAE04EC0-301F-11D3-BF4B-00C04F79EFBC}") = "Oculus.Interaction.InterfaceSupport", "Oculus.Interaction.InterfaceSupport.csproj", "{1AC01731-141F-4019-7059-AEC823F1AF68}"
EndProject
Project("{FAE04EC0-301F-11D3-BF4B-00C04F79EFBC}") = "Oculus.LipSync.Editor", "Oculus.LipSync.Editor.csproj", "{76471398-2C3A-B55B-BF4E-D7C4715CE602}"
EndProject
Project("{FAE04EC0-301F-11D3-BF4B-00C04F79EFBC}") = "Meta.Voice.VSDKHub.Editor", "Meta.Voice.VSDKHub.Editor.csproj", "{8BE71D82-6BB0-496D-A963-3597ED9FE772}"
EndProject
Project("{FAE04EC0-301F-11D3-BF4B-00C04F79EFBC}") = "AssistantCoreSDKEditor", "AssistantCoreSDKEditor.csproj", "{BA3EC15D-D596-F719-3BAA-2922499B2300}"
EndProject
Project("{FAE04EC0-301F-11D3-BF4B-00C04F79EFBC}") = "Oculus.AudioManager.Utils.Editor", "Oculus.AudioManager.Utils.Editor.csproj", "{12D2C3BB-ED19-097B-5A94-4477155660BC}"
EndProject
Project("{FAE04EC0-301F-11D3-BF4B-00C04F79EFBC}") = "SteamVR_Editor", "SteamVR_Editor.csproj", "{B98409F5-53EC-4DB1-5C41-950CF701F56B}"
EndProject
Project("{FAE04EC0-301F-11D3-BF4B-00C04F79EFBC}") = "SteamVR_Input_Editor", "SteamVR_Input_Editor.csproj", "{541AAD40-D896-0E24-0DA3-3DF2320CFBE8}"
EndProject
Project("{FAE04EC0-301F-11D3-BF4B-00C04F79EFBC}") = "SteamVR_Windows_EditorHelper", "SteamVR_Windows_EditorHelper.csproj", "{13DA427F-9F61-7A32-2B10-74D53102B401}"
EndProject
Project("{FAE04EC0-301F-11D3-BF4B-00C04F79EFBC}") = "PhotonUnityNetworking.Editor", "PhotonUnityNetworking.Editor.csproj", "{393DD865-B63C-8038-0E03-DDD64856AD71}"
EndProject
Project("{FAE04EC0-301F-11D3-BF4B-00C04F79EFBC}") = "PunDemos.DemoSlotcarEditor", "PunDemos.DemoSlotcarEditor.csproj", "{12E5F2F7-E501-9C4A-8BC5-491A68B13FC8}"
EndProject
Project("{FAE04EC0-301F-11D3-BF4B-00C04F79EFBC}") = "PhotonUnityNetworking.Utilities.PhotonPlayer.Editor", "PhotonUnityNetworking.Utilities.PhotonPlayer.Editor.csproj", "{9A87E567-A011-087E-8825-4BD3FC0943C2}"
EndProject
Project("{FAE04EC0-301F-11D3-BF4B-00C04F79EFBC}") = "PhotonUnityNetworking.Utilities.Culling.Editor", "PhotonUnityNetworking.Utilities.Culling.Editor.csproj", "{6638E239-08B7-5E14-A4A0-2FDE70CDBBAD}"
EndProject
Project("{FAE04EC0-301F-11D3-BF4B-00C04F79EFBC}") = "PunDemos.DemoHubEditor", "PunDemos.DemoHubEditor.csproj", "{1A817E59-2E45-9196-44AA-4A4E95D803AB}"
EndProject
Project("{FAE04EC0-301F-11D3-BF4B-00C04F79EFBC}") = "PhotonVoice.Editor", "PhotonVoice.Editor.csproj", "{CD4B7942-63A0-E8D1-7047-87D3E525D96D}"
EndProject
Project("{FAE04EC0-301F-11D3-BF4B-00C04F79EFBC}") = "PhotonVoice.Utilities.Editor", "PhotonVoice.Utilities.Editor.csproj", "{DDB917DF-A99B-520E-11BC-7DEB29C9B791}"
EndProject
Project("{FAE04EC0-301F-11D3-BF4B-00C04F79EFBC}") = "MicAmplifierEditor.Editor", "MicAmplifierEditor.Editor.csproj", "{FC58443D-8991-4C88-E3AA-65874AD10BD3}"
EndProject
Project("{FAE04EC0-301F-11D3-BF4B-00C04F79EFBC}") = "PhotonVoice.PUN.Editor", "PhotonVoice.PUN.Editor.csproj", "{00E2DE95-1837-A634-561A-67595C9B0783}"
EndProject
Global
	GlobalSection(SolutionConfigurationPlatforms) = preSolution
		Debug|Any CPU = Debug|Any CPU
		Release|Any CPU = Release|Any CPU
	EndGlobalSection
	GlobalSection(ProjectConfigurationPlatforms) = postSolution
		{F7D93F16-812D-F3BE-067E-82FCEF0A6D34}.Debug|Any CPU.ActiveCfg = Debug|Any CPU
		{F7D93F16-812D-F3BE-067E-82FCEF0A6D34}.Debug|Any CPU.Build.0 = Debug|Any CPU
		{F7D93F16-812D-F3BE-067E-82FCEF0A6D34}.Release|Any CPU.ActiveCfg = Release|Any CPU
		{F7D93F16-812D-F3BE-067E-82FCEF0A6D34}.Release|Any CPU.Build.0 = Release|Any CPU
		{76135659-24F2-5FAC-46D9-D7B31643B1C9}.Debug|Any CPU.ActiveCfg = Debug|Any CPU
		{76135659-24F2-5FAC-46D9-D7B31643B1C9}.Debug|Any CPU.Build.0 = Debug|Any CPU
		{76135659-24F2-5FAC-46D9-D7B31643B1C9}.Release|Any CPU.ActiveCfg = Release|Any CPU
		{76135659-24F2-5FAC-46D9-D7B31643B1C9}.Release|Any CPU.Build.0 = Release|Any CPU
		{531B69BD-C157-0CB1-ACF2-754F8CF8684F}.Debug|Any CPU.ActiveCfg = Debug|Any CPU
		{531B69BD-C157-0CB1-ACF2-754F8CF8684F}.Debug|Any CPU.Build.0 = Debug|Any CPU
		{531B69BD-C157-0CB1-ACF2-754F8CF8684F}.Release|Any CPU.ActiveCfg = Release|Any CPU
		{531B69BD-C157-0CB1-ACF2-754F8CF8684F}.Release|Any CPU.Build.0 = Release|Any CPU
		{DD589EBA-E3FD-091F-4D58-A217745EAA8A}.Debug|Any CPU.ActiveCfg = Debug|Any CPU
		{DD589EBA-E3FD-091F-4D58-A217745EAA8A}.Debug|Any CPU.Build.0 = Debug|Any CPU
		{DD589EBA-E3FD-091F-4D58-A217745EAA8A}.Release|Any CPU.ActiveCfg = Release|Any CPU
		{DD589EBA-E3FD-091F-4D58-A217745EAA8A}.Release|Any CPU.Build.0 = Release|Any CPU
		{0ECE2CC9-06A3-C00F-013B-83C4A556C9C7}.Debug|Any CPU.ActiveCfg = Debug|Any CPU
		{0ECE2CC9-06A3-C00F-013B-83C4A556C9C7}.Debug|Any CPU.Build.0 = Debug|Any CPU
		{0ECE2CC9-06A3-C00F-013B-83C4A556C9C7}.Release|Any CPU.ActiveCfg = Release|Any CPU
		{0ECE2CC9-06A3-C00F-013B-83C4A556C9C7}.Release|Any CPU.Build.0 = Release|Any CPU
		{C75CE121-C737-271A-6771-C9240A946C29}.Debug|Any CPU.ActiveCfg = Debug|Any CPU
		{C75CE121-C737-271A-6771-C9240A946C29}.Debug|Any CPU.Build.0 = Debug|Any CPU
		{C75CE121-C737-271A-6771-C9240A946C29}.Release|Any CPU.ActiveCfg = Release|Any CPU
		{C75CE121-C737-271A-6771-C9240A946C29}.Release|Any CPU.Build.0 = Release|Any CPU
		{31DA0559-895C-47BC-17FC-B95737BBE0D0}.Debug|Any CPU.ActiveCfg = Debug|Any CPU
		{31DA0559-895C-47BC-17FC-B95737BBE0D0}.Debug|Any CPU.Build.0 = Debug|Any CPU
		{31DA0559-895C-47BC-17FC-B95737BBE0D0}.Release|Any CPU.ActiveCfg = Release|Any CPU
		{31DA0559-895C-47BC-17FC-B95737BBE0D0}.Release|Any CPU.Build.0 = Release|Any CPU
		{8588F076-F7EE-B8F3-9FFC-816E7DA251C9}.Debug|Any CPU.ActiveCfg = Debug|Any CPU
		{8588F076-F7EE-B8F3-9FFC-816E7DA251C9}.Debug|Any CPU.Build.0 = Debug|Any CPU
		{8588F076-F7EE-B8F3-9FFC-816E7DA251C9}.Release|Any CPU.ActiveCfg = Release|Any CPU
		{8588F076-F7EE-B8F3-9FFC-816E7DA251C9}.Release|Any CPU.Build.0 = Release|Any CPU
		{7DD271F3-2085-277F-C186-EE74BEB2FF00}.Debug|Any CPU.ActiveCfg = Debug|Any CPU
		{7DD271F3-2085-277F-C186-EE74BEB2FF00}.Debug|Any CPU.Build.0 = Debug|Any CPU
		{7DD271F3-2085-277F-C186-EE74BEB2FF00}.Release|Any CPU.ActiveCfg = Release|Any CPU
		{7DD271F3-2085-277F-C186-EE74BEB2FF00}.Release|Any CPU.Build.0 = Release|Any CPU
		{EF59A1AC-E0EB-B372-7B96-96BD742D5210}.Debug|Any CPU.ActiveCfg = Debug|Any CPU
		{EF59A1AC-E0EB-B372-7B96-96BD742D5210}.Debug|Any CPU.Build.0 = Debug|Any CPU
		{EF59A1AC-E0EB-B372-7B96-96BD742D5210}.Release|Any CPU.ActiveCfg = Release|Any CPU
		{EF59A1AC-E0EB-B372-7B96-96BD742D5210}.Release|Any CPU.Build.0 = Release|Any CPU
		{5426F620-EF41-60F2-4CEC-F6C1215E6E81}.Debug|Any CPU.ActiveCfg = Debug|Any CPU
		{5426F620-EF41-60F2-4CEC-F6C1215E6E81}.Debug|Any CPU.Build.0 = Debug|Any CPU
		{5426F620-EF41-60F2-4CEC-F6C1215E6E81}.Release|Any CPU.ActiveCfg = Release|Any CPU
		{5426F620-EF41-60F2-4CEC-F6C1215E6E81}.Release|Any CPU.Build.0 = Release|Any CPU
		{960CF741-7FA7-6C33-5900-D52198D620A8}.Debug|Any CPU.ActiveCfg = Debug|Any CPU
		{960CF741-7FA7-6C33-5900-D52198D620A8}.Debug|Any CPU.Build.0 = Debug|Any CPU
		{960CF741-7FA7-6C33-5900-D52198D620A8}.Release|Any CPU.ActiveCfg = Release|Any CPU
		{960CF741-7FA7-6C33-5900-D52198D620A8}.Release|Any CPU.Build.0 = Release|Any CPU
		{8DFBCD8E-D13F-CA7A-EBA5-BBB62ABBC7B2}.Debug|Any CPU.ActiveCfg = Debug|Any CPU
		{8DFBCD8E-D13F-CA7A-EBA5-BBB62ABBC7B2}.Debug|Any CPU.Build.0 = Debug|Any CPU
		{8DFBCD8E-D13F-CA7A-EBA5-BBB62ABBC7B2}.Release|Any CPU.ActiveCfg = Release|Any CPU
		{8DFBCD8E-D13F-CA7A-EBA5-BBB62ABBC7B2}.Release|Any CPU.Build.0 = Release|Any CPU
		{BC43E526-7551-1FB8-AACA-1A3543458987}.Debug|Any CPU.ActiveCfg = Debug|Any CPU
		{BC43E526-7551-1FB8-AACA-1A3543458987}.Debug|Any CPU.Build.0 = Debug|Any CPU
		{BC43E526-7551-1FB8-AACA-1A3543458987}.Release|Any CPU.ActiveCfg = Release|Any CPU
		{BC43E526-7551-1FB8-AACA-1A3543458987}.Release|Any CPU.Build.0 = Release|Any CPU
		{A5ABD1D0-EE4D-1350-DD91-9A2F7DFCEADF}.Debug|Any CPU.ActiveCfg = Debug|Any CPU
		{A5ABD1D0-EE4D-1350-DD91-9A2F7DFCEADF}.Debug|Any CPU.Build.0 = Debug|Any CPU
		{A5ABD1D0-EE4D-1350-DD91-9A2F7DFCEADF}.Release|Any CPU.ActiveCfg = Release|Any CPU
		{A5ABD1D0-EE4D-1350-DD91-9A2F7DFCEADF}.Release|Any CPU.Build.0 = Release|Any CPU
		{EF8CC36B-4674-976D-D053-CE3579FC1934}.Debug|Any CPU.ActiveCfg = Debug|Any CPU
		{EF8CC36B-4674-976D-D053-CE3579FC1934}.Debug|Any CPU.Build.0 = Debug|Any CPU
		{EF8CC36B-4674-976D-D053-CE3579FC1934}.Release|Any CPU.ActiveCfg = Release|Any CPU
		{EF8CC36B-4674-976D-D053-CE3579FC1934}.Release|Any CPU.Build.0 = Release|Any CPU
		{114292D8-4FC4-D783-0129-F401D422D0BB}.Debug|Any CPU.ActiveCfg = Debug|Any CPU
		{114292D8-4FC4-D783-0129-F401D422D0BB}.Debug|Any CPU.Build.0 = Debug|Any CPU
		{114292D8-4FC4-D783-0129-F401D422D0BB}.Release|Any CPU.ActiveCfg = Release|Any CPU
		{114292D8-4FC4-D783-0129-F401D422D0BB}.Release|Any CPU.Build.0 = Release|Any CPU
		{E02B5AF8-AB7B-6C62-136C-81639A57F853}.Debug|Any CPU.ActiveCfg = Debug|Any CPU
		{E02B5AF8-AB7B-6C62-136C-81639A57F853}.Debug|Any CPU.Build.0 = Debug|Any CPU
		{E02B5AF8-AB7B-6C62-136C-81639A57F853}.Release|Any CPU.ActiveCfg = Release|Any CPU
		{E02B5AF8-AB7B-6C62-136C-81639A57F853}.Release|Any CPU.Build.0 = Release|Any CPU
		{EA2BD6F7-1BA6-7A9C-0DAD-B6773736ED23}.Debug|Any CPU.ActiveCfg = Debug|Any CPU
		{EA2BD6F7-1BA6-7A9C-0DAD-B6773736ED23}.Debug|Any CPU.Build.0 = Debug|Any CPU
		{EA2BD6F7-1BA6-7A9C-0DAD-B6773736ED23}.Release|Any CPU.ActiveCfg = Release|Any CPU
		{EA2BD6F7-1BA6-7A9C-0DAD-B6773736ED23}.Release|Any CPU.Build.0 = Release|Any CPU
		{8BBB61C2-4674-AF9A-B5F6-59B5AF698C93}.Debug|Any CPU.ActiveCfg = Debug|Any CPU
		{8BBB61C2-4674-AF9A-B5F6-59B5AF698C93}.Debug|Any CPU.Build.0 = Debug|Any CPU
		{8BBB61C2-4674-AF9A-B5F6-59B5AF698C93}.Release|Any CPU.ActiveCfg = Release|Any CPU
		{8BBB61C2-4674-AF9A-B5F6-59B5AF698C93}.Release|Any CPU.Build.0 = Release|Any CPU
		{D0C9CA03-8F3D-4258-95E3-4964E54208C2}.Debug|Any CPU.ActiveCfg = Debug|Any CPU
		{D0C9CA03-8F3D-4258-95E3-4964E54208C2}.Debug|Any CPU.Build.0 = Debug|Any CPU
		{D0C9CA03-8F3D-4258-95E3-4964E54208C2}.Release|Any CPU.ActiveCfg = Release|Any CPU
		{D0C9CA03-8F3D-4258-95E3-4964E54208C2}.Release|Any CPU.Build.0 = Release|Any CPU
		{8AF925D2-95A0-2BB5-20E4-8D5FB9E4C12B}.Debug|Any CPU.ActiveCfg = Debug|Any CPU
		{8AF925D2-95A0-2BB5-20E4-8D5FB9E4C12B}.Debug|Any CPU.Build.0 = Debug|Any CPU
		{8AF925D2-95A0-2BB5-20E4-8D5FB9E4C12B}.Release|Any CPU.ActiveCfg = Release|Any CPU
		{8AF925D2-95A0-2BB5-20E4-8D5FB9E4C12B}.Release|Any CPU.Build.0 = Release|Any CPU
		{A1FB7644-E9E5-6FA9-97B3-4EA9D7E874C6}.Debug|Any CPU.ActiveCfg = Debug|Any CPU
		{A1FB7644-E9E5-6FA9-97B3-4EA9D7E874C6}.Debug|Any CPU.Build.0 = Debug|Any CPU
		{A1FB7644-E9E5-6FA9-97B3-4EA9D7E874C6}.Release|Any CPU.ActiveCfg = Release|Any CPU
		{A1FB7644-E9E5-6FA9-97B3-4EA9D7E874C6}.Release|Any CPU.Build.0 = Release|Any CPU
		{46CFAB8A-5637-7CB6-974B-868DAB6ABD39}.Debug|Any CPU.ActiveCfg = Debug|Any CPU
		{46CFAB8A-5637-7CB6-974B-868DAB6ABD39}.Debug|Any CPU.Build.0 = Debug|Any CPU
		{46CFAB8A-5637-7CB6-974B-868DAB6ABD39}.Release|Any CPU.ActiveCfg = Release|Any CPU
		{46CFAB8A-5637-7CB6-974B-868DAB6ABD39}.Release|Any CPU.Build.0 = Release|Any CPU
		{588D514B-97AD-7AA6-D548-213E6C574183}.Debug|Any CPU.ActiveCfg = Debug|Any CPU
		{588D514B-97AD-7AA6-D548-213E6C574183}.Debug|Any CPU.Build.0 = Debug|Any CPU
		{588D514B-97AD-7AA6-D548-213E6C574183}.Release|Any CPU.ActiveCfg = Release|Any CPU
		{588D514B-97AD-7AA6-D548-213E6C574183}.Release|Any CPU.Build.0 = Release|Any CPU
		{2DE462E7-CEBB-8E57-575D-20C5D6BF0495}.Debug|Any CPU.ActiveCfg = Debug|Any CPU
		{2DE462E7-CEBB-8E57-575D-20C5D6BF0495}.Debug|Any CPU.Build.0 = Debug|Any CPU
		{2DE462E7-CEBB-8E57-575D-20C5D6BF0495}.Release|Any CPU.ActiveCfg = Release|Any CPU
		{2DE462E7-CEBB-8E57-575D-20C5D6BF0495}.Release|Any CPU.Build.0 = Release|Any CPU
		{CA23E906-37FC-CF48-A7AE-9D2BA274E756}.Debug|Any CPU.ActiveCfg = Debug|Any CPU
		{CA23E906-37FC-CF48-A7AE-9D2BA274E756}.Debug|Any CPU.Build.0 = Debug|Any CPU
		{CA23E906-37FC-CF48-A7AE-9D2BA274E756}.Release|Any CPU.ActiveCfg = Release|Any CPU
		{CA23E906-37FC-CF48-A7AE-9D2BA274E756}.Release|Any CPU.Build.0 = Release|Any CPU
		{F574F713-A97B-CAFB-B2A3-C73AAA0644D0}.Debug|Any CPU.ActiveCfg = Debug|Any CPU
		{F574F713-A97B-CAFB-B2A3-C73AAA0644D0}.Debug|Any CPU.Build.0 = Debug|Any CPU
		{F574F713-A97B-CAFB-B2A3-C73AAA0644D0}.Release|Any CPU.ActiveCfg = Release|Any CPU
		{F574F713-A97B-CAFB-B2A3-C73AAA0644D0}.Release|Any CPU.Build.0 = Release|Any CPU
		{D62C7215-5298-552E-9C7A-FF4ADD0C6200}.Debug|Any CPU.ActiveCfg = Debug|Any CPU
		{D62C7215-5298-552E-9C7A-FF4ADD0C6200}.Debug|Any CPU.Build.0 = Debug|Any CPU
		{D62C7215-5298-552E-9C7A-FF4ADD0C6200}.Release|Any CPU.ActiveCfg = Release|Any CPU
		{D62C7215-5298-552E-9C7A-FF4ADD0C6200}.Release|Any CPU.Build.0 = Release|Any CPU
		{9A6EAC02-BE47-E95C-A91B-7D71F5019CC6}.Debug|Any CPU.ActiveCfg = Debug|Any CPU
		{9A6EAC02-BE47-E95C-A91B-7D71F5019CC6}.Debug|Any CPU.Build.0 = Debug|Any CPU
		{9A6EAC02-BE47-E95C-A91B-7D71F5019CC6}.Release|Any CPU.ActiveCfg = Release|Any CPU
		{9A6EAC02-BE47-E95C-A91B-7D71F5019CC6}.Release|Any CPU.Build.0 = Release|Any CPU
		{5179F1A3-64FB-0C30-0A89-20D1FE1C749F}.Debug|Any CPU.ActiveCfg = Debug|Any CPU
		{5179F1A3-64FB-0C30-0A89-20D1FE1C749F}.Debug|Any CPU.Build.0 = Debug|Any CPU
		{5179F1A3-64FB-0C30-0A89-20D1FE1C749F}.Release|Any CPU.ActiveCfg = Release|Any CPU
		{5179F1A3-64FB-0C30-0A89-20D1FE1C749F}.Release|Any CPU.Build.0 = Release|Any CPU
		{A516047E-28A0-49A7-8FC9-9DEE5CFE2B83}.Debug|Any CPU.ActiveCfg = Debug|Any CPU
		{A516047E-28A0-49A7-8FC9-9DEE5CFE2B83}.Debug|Any CPU.Build.0 = Debug|Any CPU
		{A516047E-28A0-49A7-8FC9-9DEE5CFE2B83}.Release|Any CPU.ActiveCfg = Release|Any CPU
		{A516047E-28A0-49A7-8FC9-9DEE5CFE2B83}.Release|Any CPU.Build.0 = Release|Any CPU
		{EF019C84-2E50-D476-5C67-014CB8CB2D9C}.Debug|Any CPU.ActiveCfg = Debug|Any CPU
		{EF019C84-2E50-D476-5C67-014CB8CB2D9C}.Debug|Any CPU.Build.0 = Debug|Any CPU
		{EF019C84-2E50-D476-5C67-014CB8CB2D9C}.Release|Any CPU.ActiveCfg = Release|Any CPU
		{EF019C84-2E50-D476-5C67-014CB8CB2D9C}.Release|Any CPU.Build.0 = Release|Any CPU
		{988BD571-ED9E-00FA-8700-EB3BA86C2849}.Debug|Any CPU.ActiveCfg = Debug|Any CPU
		{988BD571-ED9E-00FA-8700-EB3BA86C2849}.Debug|Any CPU.Build.0 = Debug|Any CPU
		{988BD571-ED9E-00FA-8700-EB3BA86C2849}.Release|Any CPU.ActiveCfg = Release|Any CPU
		{988BD571-ED9E-00FA-8700-EB3BA86C2849}.Release|Any CPU.Build.0 = Release|Any CPU
		{95B053F5-A853-E2C5-4940-0FD923547B41}.Debug|Any CPU.ActiveCfg = Debug|Any CPU
		{95B053F5-A853-E2C5-4940-0FD923547B41}.Debug|Any CPU.Build.0 = Debug|Any CPU
		{95B053F5-A853-E2C5-4940-0FD923547B41}.Release|Any CPU.ActiveCfg = Release|Any CPU
		{95B053F5-A853-E2C5-4940-0FD923547B41}.Release|Any CPU.Build.0 = Release|Any CPU
		{87762AA2-3736-AD77-014F-4073837E07A4}.Debug|Any CPU.ActiveCfg = Debug|Any CPU
		{87762AA2-3736-AD77-014F-4073837E07A4}.Debug|Any CPU.Build.0 = Debug|Any CPU
		{87762AA2-3736-AD77-014F-4073837E07A4}.Release|Any CPU.ActiveCfg = Release|Any CPU
		{87762AA2-3736-AD77-014F-4073837E07A4}.Release|Any CPU.Build.0 = Release|Any CPU
		{6399BEBC-A227-A01A-172F-CEAEB4792F91}.Debug|Any CPU.ActiveCfg = Debug|Any CPU
		{6399BEBC-A227-A01A-172F-CEAEB4792F91}.Debug|Any CPU.Build.0 = Debug|Any CPU
		{6399BEBC-A227-A01A-172F-CEAEB4792F91}.Release|Any CPU.ActiveCfg = Release|Any CPU
		{6399BEBC-A227-A01A-172F-CEAEB4792F91}.Release|Any CPU.Build.0 = Release|Any CPU
		{C5928CDE-071B-100C-849F-BF178EA01174}.Debug|Any CPU.ActiveCfg = Debug|Any CPU
		{C5928CDE-071B-100C-849F-BF178EA01174}.Debug|Any CPU.Build.0 = Debug|Any CPU
		{C5928CDE-071B-100C-849F-BF178EA01174}.Release|Any CPU.ActiveCfg = Release|Any CPU
		{C5928CDE-071B-100C-849F-BF178EA01174}.Release|Any CPU.Build.0 = Release|Any CPU
		{8EA4F436-799B-C97F-C47B-8100FA03E660}.Debug|Any CPU.ActiveCfg = Debug|Any CPU
		{8EA4F436-799B-C97F-C47B-8100FA03E660}.Debug|Any CPU.Build.0 = Debug|Any CPU
		{8EA4F436-799B-C97F-C47B-8100FA03E660}.Release|Any CPU.ActiveCfg = Release|Any CPU
		{8EA4F436-799B-C97F-C47B-8100FA03E660}.Release|Any CPU.Build.0 = Release|Any CPU
		{4FDED506-DF69-1D5F-75C7-1EC6EFA33651}.Debug|Any CPU.ActiveCfg = Debug|Any CPU
		{4FDED506-DF69-1D5F-75C7-1EC6EFA33651}.Debug|Any CPU.Build.0 = Debug|Any CPU
		{4FDED506-DF69-1D5F-75C7-1EC6EFA33651}.Release|Any CPU.ActiveCfg = Release|Any CPU
		{4FDED506-DF69-1D5F-75C7-1EC6EFA33651}.Release|Any CPU.Build.0 = Release|Any CPU
		{B34804C1-EB64-F16E-D824-8EACC5395C18}.Debug|Any CPU.ActiveCfg = Debug|Any CPU
		{B34804C1-EB64-F16E-D824-8EACC5395C18}.Debug|Any CPU.Build.0 = Debug|Any CPU
		{B34804C1-EB64-F16E-D824-8EACC5395C18}.Release|Any CPU.ActiveCfg = Release|Any CPU
		{B34804C1-EB64-F16E-D824-8EACC5395C18}.Release|Any CPU.Build.0 = Release|Any CPU
		{B0D01B54-F202-018D-3ECC-2C3C11DFCC86}.Debug|Any CPU.ActiveCfg = Debug|Any CPU
		{B0D01B54-F202-018D-3ECC-2C3C11DFCC86}.Debug|Any CPU.Build.0 = Debug|Any CPU
		{B0D01B54-F202-018D-3ECC-2C3C11DFCC86}.Release|Any CPU.ActiveCfg = Release|Any CPU
		{B0D01B54-F202-018D-3ECC-2C3C11DFCC86}.Release|Any CPU.Build.0 = Release|Any CPU
		{B371EE4C-DC8B-F407-0EDD-C720B16DFB7D}.Debug|Any CPU.ActiveCfg = Debug|Any CPU
		{B371EE4C-DC8B-F407-0EDD-C720B16DFB7D}.Debug|Any CPU.Build.0 = Debug|Any CPU
		{B371EE4C-DC8B-F407-0EDD-C720B16DFB7D}.Release|Any CPU.ActiveCfg = Release|Any CPU
		{B371EE4C-DC8B-F407-0EDD-C720B16DFB7D}.Release|Any CPU.Build.0 = Release|Any CPU
		{A902A426-0AA5-82BD-E2FC-258F167A39EC}.Debug|Any CPU.ActiveCfg = Debug|Any CPU
		{A902A426-0AA5-82BD-E2FC-258F167A39EC}.Debug|Any CPU.Build.0 = Debug|Any CPU
		{A902A426-0AA5-82BD-E2FC-258F167A39EC}.Release|Any CPU.ActiveCfg = Release|Any CPU
		{A902A426-0AA5-82BD-E2FC-258F167A39EC}.Release|Any CPU.Build.0 = Release|Any CPU
		{53CBA153-F87E-0D9D-95F6-5CC7A709F697}.Debug|Any CPU.ActiveCfg = Debug|Any CPU
		{53CBA153-F87E-0D9D-95F6-5CC7A709F697}.Debug|Any CPU.Build.0 = Debug|Any CPU
		{53CBA153-F87E-0D9D-95F6-5CC7A709F697}.Release|Any CPU.ActiveCfg = Release|Any CPU
		{53CBA153-F87E-0D9D-95F6-5CC7A709F697}.Release|Any CPU.Build.0 = Release|Any CPU
		{00FA1358-FD59-CF1A-6094-D1285FC3EBBB}.Debug|Any CPU.ActiveCfg = Debug|Any CPU
		{00FA1358-FD59-CF1A-6094-D1285FC3EBBB}.Debug|Any CPU.Build.0 = Debug|Any CPU
		{00FA1358-FD59-CF1A-6094-D1285FC3EBBB}.Release|Any CPU.ActiveCfg = Release|Any CPU
		{00FA1358-FD59-CF1A-6094-D1285FC3EBBB}.Release|Any CPU.Build.0 = Release|Any CPU
		{7C2C3680-3B3F-AE15-73CC-5DD12F6200A5}.Debug|Any CPU.ActiveCfg = Debug|Any CPU
		{7C2C3680-3B3F-AE15-73CC-5DD12F6200A5}.Debug|Any CPU.Build.0 = Debug|Any CPU
		{7C2C3680-3B3F-AE15-73CC-5DD12F6200A5}.Release|Any CPU.ActiveCfg = Release|Any CPU
		{7C2C3680-3B3F-AE15-73CC-5DD12F6200A5}.Release|Any CPU.Build.0 = Release|Any CPU
		{3AC83376-A146-2948-007C-F06837F8F5A0}.Debug|Any CPU.ActiveCfg = Debug|Any CPU
		{3AC83376-A146-2948-007C-F06837F8F5A0}.Debug|Any CPU.Build.0 = Debug|Any CPU
		{3AC83376-A146-2948-007C-F06837F8F5A0}.Release|Any CPU.ActiveCfg = Release|Any CPU
		{3AC83376-A146-2948-007C-F06837F8F5A0}.Release|Any CPU.Build.0 = Release|Any CPU
		{F9599D8E-3F95-604E-A7B7-AA7D062B5B86}.Debug|Any CPU.ActiveCfg = Debug|Any CPU
		{F9599D8E-3F95-604E-A7B7-AA7D062B5B86}.Debug|Any CPU.Build.0 = Debug|Any CPU
		{F9599D8E-3F95-604E-A7B7-AA7D062B5B86}.Release|Any CPU.ActiveCfg = Release|Any CPU
		{F9599D8E-3F95-604E-A7B7-AA7D062B5B86}.Release|Any CPU.Build.0 = Release|Any CPU
		{93A9A815-8BDE-3EF9-ACD9-ADDBDA559E6F}.Debug|Any CPU.ActiveCfg = Debug|Any CPU
		{93A9A815-8BDE-3EF9-ACD9-ADDBDA559E6F}.Debug|Any CPU.Build.0 = Debug|Any CPU
		{93A9A815-8BDE-3EF9-ACD9-ADDBDA559E6F}.Release|Any CPU.ActiveCfg = Release|Any CPU
		{93A9A815-8BDE-3EF9-ACD9-ADDBDA559E6F}.Release|Any CPU.Build.0 = Release|Any CPU
		{3DE06E9F-637B-A846-F0E6-05C8BBBB9E96}.Debug|Any CPU.ActiveCfg = Debug|Any CPU
		{3DE06E9F-637B-A846-F0E6-05C8BBBB9E96}.Debug|Any CPU.Build.0 = Debug|Any CPU
		{3DE06E9F-637B-A846-F0E6-05C8BBBB9E96}.Release|Any CPU.ActiveCfg = Release|Any CPU
		{3DE06E9F-637B-A846-F0E6-05C8BBBB9E96}.Release|Any CPU.Build.0 = Release|Any CPU
		{44565218-A4DE-1D81-7B81-C11AA32F4621}.Debug|Any CPU.ActiveCfg = Debug|Any CPU
		{44565218-A4DE-1D81-7B81-C11AA32F4621}.Debug|Any CPU.Build.0 = Debug|Any CPU
		{44565218-A4DE-1D81-7B81-C11AA32F4621}.Release|Any CPU.ActiveCfg = Release|Any CPU
		{44565218-A4DE-1D81-7B81-C11AA32F4621}.Release|Any CPU.Build.0 = Release|Any CPU
		{76E5A414-4935-2BF1-DB58-6C24B79CA2F0}.Debug|Any CPU.ActiveCfg = Debug|Any CPU
		{76E5A414-4935-2BF1-DB58-6C24B79CA2F0}.Debug|Any CPU.Build.0 = Debug|Any CPU
		{76E5A414-4935-2BF1-DB58-6C24B79CA2F0}.Release|Any CPU.ActiveCfg = Release|Any CPU
		{76E5A414-4935-2BF1-DB58-6C24B79CA2F0}.Release|Any CPU.Build.0 = Release|Any CPU
		{DFF3E47B-3DDB-730F-60C0-D9F30A33D74B}.Debug|Any CPU.ActiveCfg = Debug|Any CPU
		{DFF3E47B-3DDB-730F-60C0-D9F30A33D74B}.Debug|Any CPU.Build.0 = Debug|Any CPU
		{DFF3E47B-3DDB-730F-60C0-D9F30A33D74B}.Release|Any CPU.ActiveCfg = Release|Any CPU
		{DFF3E47B-3DDB-730F-60C0-D9F30A33D74B}.Release|Any CPU.Build.0 = Release|Any CPU
		{641957E9-F56B-176F-2642-69E0BBAA3D0F}.Debug|Any CPU.ActiveCfg = Debug|Any CPU
		{641957E9-F56B-176F-2642-69E0BBAA3D0F}.Debug|Any CPU.Build.0 = Debug|Any CPU
		{641957E9-F56B-176F-2642-69E0BBAA3D0F}.Release|Any CPU.ActiveCfg = Release|Any CPU
		{641957E9-F56B-176F-2642-69E0BBAA3D0F}.Release|Any CPU.Build.0 = Release|Any CPU
		{FCB33D87-2F79-9739-709A-88841CC504C3}.Debug|Any CPU.ActiveCfg = Debug|Any CPU
		{FCB33D87-2F79-9739-709A-88841CC504C3}.Debug|Any CPU.Build.0 = Debug|Any CPU
		{FCB33D87-2F79-9739-709A-88841CC504C3}.Release|Any CPU.ActiveCfg = Release|Any CPU
		{FCB33D87-2F79-9739-709A-88841CC504C3}.Release|Any CPU.Build.0 = Release|Any CPU
		{93A2634B-06EC-44E0-DAEC-C3B28DBE46E2}.Debug|Any CPU.ActiveCfg = Debug|Any CPU
		{93A2634B-06EC-44E0-DAEC-C3B28DBE46E2}.Debug|Any CPU.Build.0 = Debug|Any CPU
		{93A2634B-06EC-44E0-DAEC-C3B28DBE46E2}.Release|Any CPU.ActiveCfg = Release|Any CPU
		{93A2634B-06EC-44E0-DAEC-C3B28DBE46E2}.Release|Any CPU.Build.0 = Release|Any CPU
		{1AC01731-141F-4019-7059-AEC823F1AF68}.Debug|Any CPU.ActiveCfg = Debug|Any CPU
		{1AC01731-141F-4019-7059-AEC823F1AF68}.Debug|Any CPU.Build.0 = Debug|Any CPU
		{1AC01731-141F-4019-7059-AEC823F1AF68}.Release|Any CPU.ActiveCfg = Release|Any CPU
		{1AC01731-141F-4019-7059-AEC823F1AF68}.Release|Any CPU.Build.0 = Release|Any CPU
		{76471398-2C3A-B55B-BF4E-D7C4715CE602}.Debug|Any CPU.ActiveCfg = Debug|Any CPU
		{76471398-2C3A-B55B-BF4E-D7C4715CE602}.Debug|Any CPU.Build.0 = Debug|Any CPU
		{76471398-2C3A-B55B-BF4E-D7C4715CE602}.Release|Any CPU.ActiveCfg = Release|Any CPU
		{76471398-2C3A-B55B-BF4E-D7C4715CE602}.Release|Any CPU.Build.0 = Release|Any CPU
		{8BE71D82-6BB0-496D-A963-3597ED9FE772}.Debug|Any CPU.ActiveCfg = Debug|Any CPU
		{8BE71D82-6BB0-496D-A963-3597ED9FE772}.Debug|Any CPU.Build.0 = Debug|Any CPU
		{8BE71D82-6BB0-496D-A963-3597ED9FE772}.Release|Any CPU.ActiveCfg = Release|Any CPU
		{8BE71D82-6BB0-496D-A963-3597ED9FE772}.Release|Any CPU.Build.0 = Release|Any CPU
		{BA3EC15D-D596-F719-3BAA-2922499B2300}.Debug|Any CPU.ActiveCfg = Debug|Any CPU
		{BA3EC15D-D596-F719-3BAA-2922499B2300}.Debug|Any CPU.Build.0 = Debug|Any CPU
		{BA3EC15D-D596-F719-3BAA-2922499B2300}.Release|Any CPU.ActiveCfg = Release|Any CPU
		{BA3EC15D-D596-F719-3BAA-2922499B2300}.Release|Any CPU.Build.0 = Release|Any CPU
		{12D2C3BB-ED19-097B-5A94-4477155660BC}.Debug|Any CPU.ActiveCfg = Debug|Any CPU
		{12D2C3BB-ED19-097B-5A94-4477155660BC}.Debug|Any CPU.Build.0 = Debug|Any CPU
		{12D2C3BB-ED19-097B-5A94-4477155660BC}.Release|Any CPU.ActiveCfg = Release|Any CPU
		{12D2C3BB-ED19-097B-5A94-4477155660BC}.Release|Any CPU.Build.0 = Release|Any CPU
		{B98409F5-53EC-4DB1-5C41-950CF701F56B}.Debug|Any CPU.ActiveCfg = Debug|Any CPU
		{B98409F5-53EC-4DB1-5C41-950CF701F56B}.Debug|Any CPU.Build.0 = Debug|Any CPU
		{B98409F5-53EC-4DB1-5C41-950CF701F56B}.Release|Any CPU.ActiveCfg = Release|Any CPU
		{B98409F5-53EC-4DB1-5C41-950CF701F56B}.Release|Any CPU.Build.0 = Release|Any CPU
		{541AAD40-D896-0E24-0DA3-3DF2320CFBE8}.Debug|Any CPU.ActiveCfg = Debug|Any CPU
		{541AAD40-D896-0E24-0DA3-3DF2320CFBE8}.Debug|Any CPU.Build.0 = Debug|Any CPU
		{541AAD40-D896-0E24-0DA3-3DF2320CFBE8}.Release|Any CPU.ActiveCfg = Release|Any CPU
		{541AAD40-D896-0E24-0DA3-3DF2320CFBE8}.Release|Any CPU.Build.0 = Release|Any CPU
		{13DA427F-9F61-7A32-2B10-74D53102B401}.Debug|Any CPU.ActiveCfg = Debug|Any CPU
		{13DA427F-9F61-7A32-2B10-74D53102B401}.Debug|Any CPU.Build.0 = Debug|Any CPU
		{13DA427F-9F61-7A32-2B10-74D53102B401}.Release|Any CPU.ActiveCfg = Release|Any CPU
		{13DA427F-9F61-7A32-2B10-74D53102B401}.Release|Any CPU.Build.0 = Release|Any CPU
		{393DD865-B63C-8038-0E03-DDD64856AD71}.Debug|Any CPU.ActiveCfg = Debug|Any CPU
		{393DD865-B63C-8038-0E03-DDD64856AD71}.Debug|Any CPU.Build.0 = Debug|Any CPU
		{393DD865-B63C-8038-0E03-DDD64856AD71}.Release|Any CPU.ActiveCfg = Release|Any CPU
		{393DD865-B63C-8038-0E03-DDD64856AD71}.Release|Any CPU.Build.0 = Release|Any CPU
		{12E5F2F7-E501-9C4A-8BC5-491A68B13FC8}.Debug|Any CPU.ActiveCfg = Debug|Any CPU
		{12E5F2F7-E501-9C4A-8BC5-491A68B13FC8}.Debug|Any CPU.Build.0 = Debug|Any CPU
		{12E5F2F7-E501-9C4A-8BC5-491A68B13FC8}.Release|Any CPU.ActiveCfg = Release|Any CPU
		{12E5F2F7-E501-9C4A-8BC5-491A68B13FC8}.Release|Any CPU.Build.0 = Release|Any CPU
		{9A87E567-A011-087E-8825-4BD3FC0943C2}.Debug|Any CPU.ActiveCfg = Debug|Any CPU
		{9A87E567-A011-087E-8825-4BD3FC0943C2}.Debug|Any CPU.Build.0 = Debug|Any CPU
		{9A87E567-A011-087E-8825-4BD3FC0943C2}.Release|Any CPU.ActiveCfg = Release|Any CPU
		{9A87E567-A011-087E-8825-4BD3FC0943C2}.Release|Any CPU.Build.0 = Release|Any CPU
		{6638E239-08B7-5E14-A4A0-2FDE70CDBBAD}.Debug|Any CPU.ActiveCfg = Debug|Any CPU
		{6638E239-08B7-5E14-A4A0-2FDE70CDBBAD}.Debug|Any CPU.Build.0 = Debug|Any CPU
		{6638E239-08B7-5E14-A4A0-2FDE70CDBBAD}.Release|Any CPU.ActiveCfg = Release|Any CPU
		{6638E239-08B7-5E14-A4A0-2FDE70CDBBAD}.Release|Any CPU.Build.0 = Release|Any CPU
		{1A817E59-2E45-9196-44AA-4A4E95D803AB}.Debug|Any CPU.ActiveCfg = Debug|Any CPU
		{1A817E59-2E45-9196-44AA-4A4E95D803AB}.Debug|Any CPU.Build.0 = Debug|Any CPU
		{1A817E59-2E45-9196-44AA-4A4E95D803AB}.Release|Any CPU.ActiveCfg = Release|Any CPU
		{1A817E59-2E45-9196-44AA-4A4E95D803AB}.Release|Any CPU.Build.0 = Release|Any CPU
		{CD4B7942-63A0-E8D1-7047-87D3E525D96D}.Debug|Any CPU.ActiveCfg = Debug|Any CPU
		{CD4B7942-63A0-E8D1-7047-87D3E525D96D}.Debug|Any CPU.Build.0 = Debug|Any CPU
		{CD4B7942-63A0-E8D1-7047-87D3E525D96D}.Release|Any CPU.ActiveCfg = Release|Any CPU
		{CD4B7942-63A0-E8D1-7047-87D3E525D96D}.Release|Any CPU.Build.0 = Release|Any CPU
		{DDB917DF-A99B-520E-11BC-7DEB29C9B791}.Debug|Any CPU.ActiveCfg = Debug|Any CPU
		{DDB917DF-A99B-520E-11BC-7DEB29C9B791}.Debug|Any CPU.Build.0 = Debug|Any CPU
		{DDB917DF-A99B-520E-11BC-7DEB29C9B791}.Release|Any CPU.ActiveCfg = Release|Any CPU
		{DDB917DF-A99B-520E-11BC-7DEB29C9B791}.Release|Any CPU.Build.0 = Release|Any CPU
		{FC58443D-8991-4C88-E3AA-65874AD10BD3}.Debug|Any CPU.ActiveCfg = Debug|Any CPU
		{FC58443D-8991-4C88-E3AA-65874AD10BD3}.Debug|Any CPU.Build.0 = Debug|Any CPU
		{FC58443D-8991-4C88-E3AA-65874AD10BD3}.Release|Any CPU.ActiveCfg = Release|Any CPU
		{FC58443D-8991-4C88-E3AA-65874AD10BD3}.Release|Any CPU.Build.0 = Release|Any CPU
		{00E2DE95-1837-A634-561A-67595C9B0783}.Debug|Any CPU.ActiveCfg = Debug|Any CPU
		{00E2DE95-1837-A634-561A-67595C9B0783}.Debug|Any CPU.Build.0 = Debug|Any CPU
		{00E2DE95-1837-A634-561A-67595C9B0783}.Release|Any CPU.ActiveCfg = Release|Any CPU
		{00E2DE95-1837-A634-561A-67595C9B0783}.Release|Any CPU.Build.0 = Release|Any CPU
	EndGlobalSection
	GlobalSection(SolutionProperties) = preSolution
		HideSolutionNode = FALSE
	EndGlobalSection
EndGlobal
